// !$*UTF8*$!
{
	archiveVersion = 1;
	classes = {
	};
	objectVersion = 50;
	objects = {

/* Begin PBXBuildFile section */
		CE34474C26FB5A57006990AA /* OpenGL.framework in Frameworks */ = {isa = PBXBuildFile; fileRef = CE34474B26FB5A57006990AA /* OpenGL.framework */; };
		CE34474E26FB5A63006990AA /* GLUT.framework in Frameworks */ = {isa = PBXBuildFile; fileRef = CE34474D26FB5A62006990AA /* GLUT.framework */; };
		CE34475526FB6034006990AA /* CoreFoundation.framework in Frameworks */ = {isa = PBXBuildFile; fileRef = CE34475426FB6034006990AA /* CoreFoundation.framework */; };
		CE34475E26FC44DA006990AA /* libGLEW.2.2.0.dylib in Frameworks */ = {isa = PBXBuildFile; fileRef = CE34475D26FC44DA006990AA /* libGLEW.2.2.0.dylib */; };
		CE34475F26FC44DA006990AA /* libGLEW.2.2.0.dylib in Embed Libraries */ = {isa = PBXBuildFile; fileRef = CE34475D26FC44DA006990AA /* libGLEW.2.2.0.dylib */; settings = {ATTRIBUTES = (CodeSignOnCopy, ); }; };
		CE34476226FC44ED006990AA /* libglfw.3.3.dylib in Frameworks */ = {isa = PBXBuildFile; fileRef = CE34476126FC44ED006990AA /* libglfw.3.3.dylib */; };
		CE34476326FC44ED006990AA /* libglfw.3.3.dylib in Embed Libraries */ = {isa = PBXBuildFile; fileRef = CE34476126FC44ED006990AA /* libglfw.3.3.dylib */; settings = {ATTRIBUTES = (CodeSignOnCopy, ); }; };
		CE5EAC792746257400FB726B /* main.cpp in Sources */ = {isa = PBXBuildFile; fileRef = CE5EAC782746257400FB726B /* main.cpp */; };
		CE621975274629A7006704E2 /* libz.tbd in Frameworks */ = {isa = PBXBuildFile; fileRef = CE62197427462974006704E2 /* libz.tbd */; };
/* End PBXBuildFile section */

/* Begin PBXCopyFilesBuildPhase section */
		CE34473D26FB5A04006990AA /* CopyFiles */ = {
			isa = PBXCopyFilesBuildPhase;
			buildActionMask = 2147483647;
			dstPath = /usr/share/man/man1/;
			dstSubfolderSpec = 0;
			files = (
			);
			runOnlyForDeploymentPostprocessing = 1;
		};
		CE34476026FC44DA006990AA /* Embed Libraries */ = {
			isa = PBXCopyFilesBuildPhase;
			buildActionMask = 2147483647;
			dstPath = "";
			dstSubfolderSpec = 10;
			files = (
				CE34476326FC44ED006990AA /* libglfw.3.3.dylib in Embed Libraries */,
				CE34475F26FC44DA006990AA /* libGLEW.2.2.0.dylib in Embed Libraries */,
			);
			name = "Embed Libraries";
			runOnlyForDeploymentPostprocessing = 0;
		};
/* End PBXCopyFilesBuildPhase section */

/* Begin PBXFileReference section */
		CE34474B26FB5A57006990AA /* OpenGL.framework */ = {isa = PBXFileReference; lastKnownFileType = wrapper.framework; name = OpenGL.framework; path = System/Library/Frameworks/OpenGL.framework; sourceTree = SDKROOT; };
		CE34474D26FB5A62006990AA /* GLUT.framework */ = {isa = PBXFileReference; lastKnownFileType = wrapper.framework; name = GLUT.framework; path = System/Library/Frameworks/GLUT.framework; sourceTree = SDKROOT; };
		CE34475426FB6034006990AA /* CoreFoundation.framework */ = {isa = PBXFileReference; lastKnownFileType = wrapper.framework; name = CoreFoundation.framework; path = System/Library/Frameworks/CoreFoundation.framework; sourceTree = SDKROOT; };
		CE34475D26FC44DA006990AA /* libGLEW.2.2.0.dylib */ = {isa = PBXFileReference; lastKnownFileType = "compiled.mach-o.dylib"; name = libGLEW.2.2.0.dylib; path = ../../../../../../usr/local/Cellar/glew/2.2.0_1/lib/libGLEW.2.2.0.dylib; sourceTree = "<group>"; };
		CE34476126FC44ED006990AA /* libglfw.3.3.dylib */ = {isa = PBXFileReference; lastKnownFileType = "compiled.mach-o.dylib"; name = libglfw.3.3.dylib; path = ../../../../../../usr/local/Cellar/glfw/3.3.4/lib/libglfw.3.3.dylib; sourceTree = "<group>"; };
		CE553218274616EE0022441A /* OpenGL_1 */ = {isa = PBXFileReference; lastKnownFileType = folder; path = OpenGL_1; sourceTree = "<group>"; };
		CE55321927461B670022441A /* OpenGL_1 */ = {isa = PBXFileReference; explicitFileType = "compiled.mach-o.executable"; includeInIndex = 0; path = OpenGL_1; sourceTree = BUILT_PRODUCTS_DIR; };
		CE5EAC782746257400FB726B /* main.cpp */ = {isa = PBXFileReference; lastKnownFileType = sourcecode.cpp.cpp; name = main.cpp; path = OpenGL_1/main.cpp; sourceTree = "<group>"; };
		CE62197427462974006704E2 /* libz.tbd */ = {isa = PBXFileReference; lastKnownFileType = "sourcecode.text-based-dylib-definition"; name = libz.tbd; path = usr/lib/libz.tbd; sourceTree = SDKROOT; };
/* End PBXFileReference section */

/* Begin PBXFrameworksBuildPhase section */
		CE34473C26FB5A04006990AA /* Frameworks */ = {
			isa = PBXFrameworksBuildPhase;
			buildActionMask = 2147483647;
			files = (
				CE34475526FB6034006990AA /* CoreFoundation.framework in Frameworks */,
				CE621975274629A7006704E2 /* libz.tbd in Frameworks */,
				CE34475E26FC44DA006990AA /* libGLEW.2.2.0.dylib in Frameworks */,
				CE34474E26FB5A63006990AA /* GLUT.framework in Frameworks */,
				CE34476226FC44ED006990AA /* libglfw.3.3.dylib in Frameworks */,
				CE34474C26FB5A57006990AA /* OpenGL.framework in Frameworks */,
			);
			runOnlyForDeploymentPostprocessing = 0;
		};
/* End PBXFrameworksBuildPhase section */

/* Begin PBXGroup section */
		CE34473626FB5A04006990AA = {
			isa = PBXGroup;
			children = (
				CE5EAC782746257400FB726B /* main.cpp */,
				CE553218274616EE0022441A /* OpenGL_1 */,
				CE34474A26FB5A57006990AA /* Frameworks */,
				CE55321927461B670022441A /* OpenGL_1 */,
			);
			sourceTree = "<group>";
		};
		CE34474A26FB5A57006990AA /* Frameworks */ = {
			isa = PBXGroup;
			children = (
				CE62197427462974006704E2 /* libz.tbd */,
				CE34476126FC44ED006990AA /* libglfw.3.3.dylib */,
				CE34475D26FC44DA006990AA /* libGLEW.2.2.0.dylib */,
				CE34475426FB6034006990AA /* CoreFoundation.framework */,
				CE34474D26FB5A62006990AA /* GLUT.framework */,
				CE34474B26FB5A57006990AA /* OpenGL.framework */,
			);
			name = Frameworks;
			sourceTree = "<group>";
		};
/* End PBXGroup section */

/* Begin PBXNativeTarget section */
		CE34473E26FB5A04006990AA /* OpenGL_1 */ = {
			isa = PBXNativeTarget;
			buildConfigurationList = CE34474626FB5A04006990AA /* Build configuration list for PBXNativeTarget "OpenGL_1" */;
			buildPhases = (
				CE34473B26FB5A04006990AA /* Sources */,
				CE34473C26FB5A04006990AA /* Frameworks */,
				CE34473D26FB5A04006990AA /* CopyFiles */,
				CE34476026FC44DA006990AA /* Embed Libraries */,
			);
			buildRules = (
			);
			dependencies = (
			);
			name = OpenGL_1;
			productName = OpenGL_1;
			productReference = CE55321927461B670022441A /* OpenGL_1 */;
			productType = "com.apple.product-type.tool";
		};
/* End PBXNativeTarget section */

/* Begin PBXProject section */
		CE34473726FB5A04006990AA /* Project object */ = {
			isa = PBXProject;
			attributes = {
				LastUpgradeCheck = 1240;
				TargetAttributes = {
					CE34473E26FB5A04006990AA = {
						CreatedOnToolsVersion = 12.4;
					};
				};
			};
			buildConfigurationList = CE34473A26FB5A04006990AA /* Build configuration list for PBXProject "OpenGL_1" */;
			compatibilityVersion = "Xcode 9.3";
			developmentRegion = en;
			hasScannedForEncodings = 0;
			knownRegions = (
				en,
				Base,
			);
			mainGroup = CE34473626FB5A04006990AA;
			productRefGroup = CE34473626FB5A04006990AA;
			projectDirPath = "";
			projectRoot = "";
			targets = (
				CE34473E26FB5A04006990AA /* OpenGL_1 */,
			);
		};
/* End PBXProject section */

/* Begin PBXSourcesBuildPhase section */
		CE34473B26FB5A04006990AA /* Sources */ = {
			isa = PBXSourcesBuildPhase;
			buildActionMask = 2147483647;
			files = (
				CE5EAC792746257400FB726B /* main.cpp in Sources */,
			);
			runOnlyForDeploymentPostprocessing = 0;
		};
/* End PBXSourcesBuildPhase section */

/* Begin XCBuildConfiguration section */
		CE34474426FB5A04006990AA /* Debug */ = {
			isa = XCBuildConfiguration;
			buildSettings = {
				ALWAYS_SEARCH_USER_PATHS = NO;
				CLANG_ANALYZER_NONNULL = YES;
				CLANG_ANALYZER_NUMBER_OBJECT_CONVERSION = YES_AGGRESSIVE;
				CLANG_CXX_LANGUAGE_STANDARD = "gnu++14";
				CLANG_CXX_LIBRARY = "libc++";
				CLANG_ENABLE_MODULES = YES;
				CLANG_ENABLE_OBJC_ARC = YES;
				CLANG_ENABLE_OBJC_WEAK = YES;
				CLANG_WARN_BLOCK_CAPTURE_AUTORELEASING = YES;
				CLANG_WARN_BOOL_CONVERSION = YES;
				CLANG_WARN_COMMA = YES;
				CLANG_WARN_CONSTANT_CONVERSION = YES;
				CLANG_WARN_DEPRECATED_OBJC_IMPLEMENTATIONS = YES;
				CLANG_WARN_DIRECT_OBJC_ISA_USAGE = YES_ERROR;
				CLANG_WARN_DOCUMENTATION_COMMENTS = YES;
				CLANG_WARN_EMPTY_BODY = YES;
				CLANG_WARN_ENUM_CONVERSION = YES;
				CLANG_WARN_INFINITE_RECURSION = YES;
				CLANG_WARN_INT_CONVERSION = YES;
				CLANG_WARN_NON_LITERAL_NULL_CONVERSION = YES;
				CLANG_WARN_OBJC_IMPLICIT_RETAIN_SELF = YES;
				CLANG_WARN_OBJC_LITERAL_CONVERSION = YES;
				CLANG_WARN_OBJC_ROOT_CLASS = YES_ERROR;
				CLANG_WARN_QUOTED_INCLUDE_IN_FRAMEWORK_HEADER = YES;
				CLANG_WARN_RANGE_LOOP_ANALYSIS = YES;
				CLANG_WARN_STRICT_PROTOTYPES = YES;
				CLANG_WARN_SUSPICIOUS_MOVE = YES;
				CLANG_WARN_UNGUARDED_AVAILABILITY = YES_AGGRESSIVE;
				CLANG_WARN_UNREACHABLE_CODE = YES;
				CLANG_WARN__DUPLICATE_METHOD_MATCH = YES;
				COPY_PHASE_STRIP = NO;
				DEBUG_INFORMATION_FORMAT = dwarf;
				ENABLE_STRICT_OBJC_MSGSEND = YES;
				ENABLE_TESTABILITY = YES;
				GCC_C_LANGUAGE_STANDARD = gnu11;
				GCC_DYNAMIC_NO_PIC = NO;
				GCC_NO_COMMON_BLOCKS = YES;
				GCC_OPTIMIZATION_LEVEL = 0;
				GCC_PREPROCESSOR_DEFINITIONS = (
					"DEBUG=1",
					"$(inherited)",
				);
				GCC_WARN_64_TO_32_BIT_CONVERSION = YES;
				GCC_WARN_ABOUT_RETURN_TYPE = YES_ERROR;
				GCC_WARN_UNDECLARED_SELECTOR = YES;
				GCC_WARN_UNINITIALIZED_AUTOS = YES_AGGRESSIVE;
				GCC_WARN_UNUSED_FUNCTION = YES;
				GCC_WARN_UNUSED_VARIABLE = YES;
				MACOSX_DEPLOYMENT_TARGET = 10.15;
				MTL_ENABLE_DEBUG_INFO = INCLUDE_SOURCE;
				MTL_FAST_MATH = YES;
				ONLY_ACTIVE_ARCH = YES;
				SDKROOT = macosx;
			};
			name = Debug;
		};
		CE34474526FB5A04006990AA /* Release */ = {
			isa = XCBuildConfiguration;
			buildSettings = {
				ALWAYS_SEARCH_USER_PATHS = NO;
				CLANG_ANALYZER_NONNULL = YES;
				CLANG_ANALYZER_NUMBER_OBJECT_CONVERSION = YES_AGGRESSIVE;
				CLANG_CXX_LANGUAGE_STANDARD = "gnu++14";
				CLANG_CXX_LIBRARY = "libc++";
				CLANG_ENABLE_MODULES = YES;
				CLANG_ENABLE_OBJC_ARC = YES;
				CLANG_ENABLE_OBJC_WEAK = YES;
				CLANG_WARN_BLOCK_CAPTURE_AUTORELEASING = YES;
				CLANG_WARN_BOOL_CONVERSION = YES;
				CLANG_WARN_COMMA = YES;
				CLANG_WARN_CONSTANT_CONVERSION = YES;
				CLANG_WARN_DEPRECATED_OBJC_IMPLEMENTATIONS = YES;
				CLANG_WARN_DIRECT_OBJC_ISA_USAGE = YES_ERROR;
				CLANG_WARN_DOCUMENTATION_COMMENTS = YES;
				CLANG_WARN_EMPTY_BODY = YES;
				CLANG_WARN_ENUM_CONVERSION = YES;
				CLANG_WARN_INFINITE_RECURSION = YES;
				CLANG_WARN_INT_CONVERSION = YES;
				CLANG_WARN_NON_LITERAL_NULL_CONVERSION = YES;
				CLANG_WARN_OBJC_IMPLICIT_RETAIN_SELF = YES;
				CLANG_WARN_OBJC_LITERAL_CONVERSION = YES;
				CLANG_WARN_OBJC_ROOT_CLASS = YES_ERROR;
				CLANG_WARN_QUOTED_INCLUDE_IN_FRAMEWORK_HEADER = YES;
				CLANG_WARN_RANGE_LOOP_ANALYSIS = YES;
				CLANG_WARN_STRICT_PROTOTYPES = YES;
				CLANG_WARN_SUSPICIOUS_MOVE = YES;
				CLANG_WARN_UNGUARDED_AVAILABILITY = YES_AGGRESSIVE;
				CLANG_WARN_UNREACHABLE_CODE = YES;
				CLANG_WARN__DUPLICATE_METHOD_MATCH = YES;
				COPY_PHASE_STRIP = NO;
				DEBUG_INFORMATION_FORMAT = "dwarf-with-dsym";
				ENABLE_NS_ASSERTIONS = NO;
				ENABLE_STRICT_OBJC_MSGSEND = YES;
				GCC_C_LANGUAGE_STANDARD = gnu11;
				GCC_NO_COMMON_BLOCKS = YES;
				GCC_WARN_64_TO_32_BIT_CONVERSION = YES;
				GCC_WARN_ABOUT_RETURN_TYPE = YES_ERROR;
				GCC_WARN_UNDECLARED_SELECTOR = YES;
				GCC_WARN_UNINITIALIZED_AUTOS = YES_AGGRESSIVE;
				GCC_WARN_UNUSED_FUNCTION = YES;
				GCC_WARN_UNUSED_VARIABLE = YES;
				MACOSX_DEPLOYMENT_TARGET = 10.15;
				MTL_ENABLE_DEBUG_INFO = NO;
				MTL_FAST_MATH = YES;
				SDKROOT = macosx;
			};
			name = Release;
		};
		CE34474726FB5A04006990AA /* Debug */ = {
			isa = XCBuildConfiguration;
			buildSettings = {
				CODE_SIGN_STYLE = Automatic;
				HEADER_SEARCH_PATHS = (
					/usr/local/include,
					/usr/local/Cellar/glfw/3.34/include/,
					/usr/local/Cellar/glew/2.2.0_1/include/,
				);
				LIBRARY_SEARCH_PATHS = (
					/usr/local/Cellar/glew/2.2.0_1/lib,
					/usr/local/Cellar/glfw/3.3.4/lib,
				);
				PRODUCT_NAME = "$(TARGET_NAME)";
				USER_HEADER_SEARCH_PATHS = "";
				VALIDATE_WORKSPACE_SKIPPED_SDK_FRAMEWORKS = OpenGL_1;
			};
			name = Debug;
		};
		CE34474826FB5A04006990AA /* Release */ = {
			isa = XCBuildConfiguration;
			buildSettings = {
				CODE_SIGN_STYLE = Automatic;
				HEADER_SEARCH_PATHS = (
					/usr/local/include,
					/usr/local/Cellar/glfw/3.34/include/,
					/usr/local/Cellar/glew/2.2.0_1/include/,
				);
				LIBRARY_SEARCH_PATHS = (
					/usr/local/Cellar/glew/2.2.0_1/lib,
					/usr/local/Cellar/glfw/3.3.4/lib,
				);
				PRODUCT_NAME = "$(TARGET_NAME)";
				USER_HEADER_SEARCH_PATHS = "";
				VALIDATE_WORKSPACE_SKIPPED_SDK_FRAMEWORKS = OpenGL_1;
			};
			name = Release;
		};
/* End XCBuildConfiguration section */

/* Begin XCConfigurationList section */
		CE34473A26FB5A04006990AA /* Build configuration list for PBXProject "OpenGL_1" */ = {
			isa = XCConfigurationList;
			buildConfigurations = (
				CE34474426FB5A04006990AA /* Debug */,
				CE34474526FB5A04006990AA /* Release */,
			);
			defaultConfigurationIsVisible = 0;
			defaultConfigurationName = Release;
		};
		CE34474626FB5A04006990AA /* Build configuration list for PBXNativeTarget "OpenGL_1" */ = {
			isa = XCConfigurationList;
			buildConfigurations = (
				CE34474726FB5A04006990AA /* Debug */,
				CE34474826FB5A04006990AA /* Release */,
			);
			defaultConfigurationIsVisible = 0;
			defaultConfigurationName = Release;
		};
/* End XCConfigurationList section */
	};
	rootObject = CE34473726FB5A04006990AA /* Project object */;
}
